// !$*UTF8*$!
{
	archiveVersion = 1;
	classes = {
	};
	objectVersion = 46;
	objects = {

/* Begin PBXBuildFile section */
		AF755B4ABF15E46224981769 /* Pods_MyTVTests.framework in Frameworks */ = {isa = PBXBuildFile; fileRef = BF213BA567AE1126F48D5502 /* Pods_MyTVTests.framework */; };
		D55B8D301E612BC80027D505 /* AtresmediaAPI.swift in Sources */ = {isa = PBXBuildFile; fileRef = D55B8D2F1E612BC80027D505 /* AtresmediaAPI.swift */; };
		D55CEED61E5FBA190067C506 /* Constants.swift in Sources */ = {isa = PBXBuildFile; fileRef = D55CEED51E5FBA190067C506 /* Constants.swift */; };
		D55CEED81E6092890067C506 /* Live.swift in Sources */ = {isa = PBXBuildFile; fileRef = D55CEED71E6092890067C506 /* Live.swift */; };
		D55CEEDA1E6092AE0067C506 /* Live+Channels.swift in Sources */ = {isa = PBXBuildFile; fileRef = D55CEED91E6092AE0067C506 /* Live+Channels.swift */; };
		D5658F391E5E7396009C18CB /* TileCollectionViewCell.swift in Sources */ = {isa = PBXBuildFile; fileRef = D5658F381E5E7396009C18CB /* TileCollectionViewCell.swift */; };
		D5658F3B1E5E73BE009C18CB /* TileCollectionViewCell.xib in Resources */ = {isa = PBXBuildFile; fileRef = D5658F3A1E5E73BE009C18CB /* TileCollectionViewCell.xib */; };
		D5658F421E5E7C85009C18CB /* Tile.swift in Sources */ = {isa = PBXBuildFile; fileRef = D5658F411E5E7C85009C18CB /* Tile.swift */; };
		D5658F501E5E9CB6009C18CB /* TileRowCollection.swift in Sources */ = {isa = PBXBuildFile; fileRef = D5658F4F1E5E9CB6009C18CB /* TileRowCollection.swift */; };
		D5658F521E5E9CC3009C18CB /* TileRowCollection.xib in Resources */ = {isa = PBXBuildFile; fileRef = D5658F511E5E9CC3009C18CB /* TileRowCollection.xib */; };
		D57439C31E60C34D00E62F0C /* Section.swift in Sources */ = {isa = PBXBuildFile; fileRef = D57439C21E60C34D00E62F0C /* Section.swift */; };
		D57439C81E611CC100E62F0C /* AtresmediaRequests.swift in Sources */ = {isa = PBXBuildFile; fileRef = D57439C71E611CC100E62F0C /* AtresmediaRequests.swift */; };
		D5A2C9801E2ADE2B0071396A /* AppDelegate.swift in Sources */ = {isa = PBXBuildFile; fileRef = D5A2C97F1E2ADE2B0071396A /* AppDelegate.swift */; };
		D5A2C9821E2ADE2B0071396A /* MainViewController.swift in Sources */ = {isa = PBXBuildFile; fileRef = D5A2C9811E2ADE2B0071396A /* MainViewController.swift */; };
		D5A2C9851E2ADE2B0071396A /* Main.storyboard in Resources */ = {isa = PBXBuildFile; fileRef = D5A2C9831E2ADE2B0071396A /* Main.storyboard */; };
		D5A2C9871E2ADE2B0071396A /* Assets.xcassets in Resources */ = {isa = PBXBuildFile; fileRef = D5A2C9861E2ADE2B0071396A /* Assets.xcassets */; };
		D5A2C9921E2ADE2B0071396A /* MyTVTests.swift in Sources */ = {isa = PBXBuildFile; fileRef = D5A2C9911E2ADE2B0071396A /* MyTVTests.swift */; };
		D5A2C99D1E2ADE2B0071396A /* MyTVUITests.swift in Sources */ = {isa = PBXBuildFile; fileRef = D5A2C99C1E2ADE2B0071396A /* MyTVUITests.swift */; };
		D5C77C921E5E020900A9079D /* PlayerViewController.swift in Sources */ = {isa = PBXBuildFile; fileRef = D5C77C911E5E020900A9079D /* PlayerViewController.swift */; };
		D5C77C941E5E021900A9079D /* PlayerViewControllerTests.swift in Sources */ = {isa = PBXBuildFile; fileRef = D5C77C931E5E021900A9079D /* PlayerViewControllerTests.swift */; };
		D5C99D9C1E626F3200D22953 /* AtresmediaHandler.swift in Sources */ = {isa = PBXBuildFile; fileRef = D5C99D9B1E626F3200D22953 /* AtresmediaHandler.swift */; };
		D6AEB4D6BEAB2D7C6B4A362A /* Pods_MyTV.framework in Frameworks */ = {isa = PBXBuildFile; fileRef = D55DE6B3E6B4FB0837446E68 /* Pods_MyTV.framework */; };
/* End PBXBuildFile section */

/* Begin PBXContainerItemProxy section */
		D5A2C98E1E2ADE2B0071396A /* PBXContainerItemProxy */ = {
			isa = PBXContainerItemProxy;
			containerPortal = D5A2C9741E2ADE2B0071396A /* Project object */;
			proxyType = 1;
			remoteGlobalIDString = D5A2C97B1E2ADE2B0071396A;
			remoteInfo = MyTV;
		};
		D5A2C9991E2ADE2B0071396A /* PBXContainerItemProxy */ = {
			isa = PBXContainerItemProxy;
			containerPortal = D5A2C9741E2ADE2B0071396A /* Project object */;
			proxyType = 1;
			remoteGlobalIDString = D5A2C97B1E2ADE2B0071396A;
			remoteInfo = MyTV;
		};
/* End PBXContainerItemProxy section */

/* Begin PBXFileReference section */
		602C963CB4C43387FF2FE1BC /* Pods-MyTV.debug.xcconfig */ = {isa = PBXFileReference; includeInIndex = 1; lastKnownFileType = text.xcconfig; name = "Pods-MyTV.debug.xcconfig"; path = "Pods/Target Support Files/Pods-MyTV/Pods-MyTV.debug.xcconfig"; sourceTree = "<group>"; };
		BF213BA567AE1126F48D5502 /* Pods_MyTVTests.framework */ = {isa = PBXFileReference; explicitFileType = wrapper.framework; includeInIndex = 0; path = Pods_MyTVTests.framework; sourceTree = BUILT_PRODUCTS_DIR; };
		D55B8D2F1E612BC80027D505 /* AtresmediaAPI.swift */ = {isa = PBXFileReference; fileEncoding = 4; lastKnownFileType = sourcecode.swift; name = AtresmediaAPI.swift; path = A3M/AtresmediaAPI.swift; sourceTree = "<group>"; };
		D55CEED51E5FBA190067C506 /* Constants.swift */ = {isa = PBXFileReference; fileEncoding = 4; lastKnownFileType = sourcecode.swift; path = Constants.swift; sourceTree = "<group>"; };
		D55CEED71E6092890067C506 /* Live.swift */ = {isa = PBXFileReference; fileEncoding = 4; lastKnownFileType = sourcecode.swift; path = Live.swift; sourceTree = "<group>"; };
		D55CEED91E6092AE0067C506 /* Live+Channels.swift */ = {isa = PBXFileReference; fileEncoding = 4; lastKnownFileType = sourcecode.swift; path = "Live+Channels.swift"; sourceTree = "<group>"; };
		D55DE6B3E6B4FB0837446E68 /* Pods_MyTV.framework */ = {isa = PBXFileReference; explicitFileType = wrapper.framework; includeInIndex = 0; path = Pods_MyTV.framework; sourceTree = BUILT_PRODUCTS_DIR; };
		D5658F381E5E7396009C18CB /* TileCollectionViewCell.swift */ = {isa = PBXFileReference; fileEncoding = 4; lastKnownFileType = sourcecode.swift; name = TileCollectionViewCell.swift; path = UI/TileCollectionViewCell.swift; sourceTree = "<group>"; };
		D5658F3A1E5E73BE009C18CB /* TileCollectionViewCell.xib */ = {isa = PBXFileReference; fileEncoding = 4; lastKnownFileType = file.xib; name = TileCollectionViewCell.xib; path = UI/TileCollectionViewCell.xib; sourceTree = "<group>"; };
		D5658F411E5E7C85009C18CB /* Tile.swift */ = {isa = PBXFileReference; fileEncoding = 4; lastKnownFileType = sourcecode.swift; path = Tile.swift; sourceTree = "<group>"; };
		D5658F4F1E5E9CB6009C18CB /* TileRowCollection.swift */ = {isa = PBXFileReference; fileEncoding = 4; lastKnownFileType = sourcecode.swift; name = TileRowCollection.swift; path = UI/TileRowCollection.swift; sourceTree = "<group>"; };
		D5658F511E5E9CC3009C18CB /* TileRowCollection.xib */ = {isa = PBXFileReference; fileEncoding = 4; lastKnownFileType = file.xib; name = TileRowCollection.xib; path = UI/TileRowCollection.xib; sourceTree = "<group>"; };
		D57439C21E60C34D00E62F0C /* Section.swift */ = {isa = PBXFileReference; fileEncoding = 4; lastKnownFileType = sourcecode.swift; path = Section.swift; sourceTree = "<group>"; };
		D57439C71E611CC100E62F0C /* AtresmediaRequests.swift */ = {isa = PBXFileReference; fileEncoding = 4; lastKnownFileType = sourcecode.swift; name = AtresmediaRequests.swift; path = A3M/AtresmediaRequests.swift; sourceTree = "<group>"; };
		D5A2C97C1E2ADE2B0071396A /* MyTV.app */ = {isa = PBXFileReference; explicitFileType = wrapper.application; includeInIndex = 0; path = MyTV.app; sourceTree = BUILT_PRODUCTS_DIR; };
		D5A2C97F1E2ADE2B0071396A /* AppDelegate.swift */ = {isa = PBXFileReference; lastKnownFileType = sourcecode.swift; path = AppDelegate.swift; sourceTree = "<group>"; };
		D5A2C9811E2ADE2B0071396A /* MainViewController.swift */ = {isa = PBXFileReference; lastKnownFileType = sourcecode.swift; path = MainViewController.swift; sourceTree = "<group>"; };
		D5A2C9841E2ADE2B0071396A /* Base */ = {isa = PBXFileReference; lastKnownFileType = file.storyboard; name = Base; path = Base.lproj/Main.storyboard; sourceTree = "<group>"; };
		D5A2C9861E2ADE2B0071396A /* Assets.xcassets */ = {isa = PBXFileReference; lastKnownFileType = folder.assetcatalog; path = Assets.xcassets; sourceTree = "<group>"; };
		D5A2C9881E2ADE2B0071396A /* Info.plist */ = {isa = PBXFileReference; lastKnownFileType = text.plist.xml; path = Info.plist; sourceTree = "<group>"; };
		D5A2C98D1E2ADE2B0071396A /* MyTVTests.xctest */ = {isa = PBXFileReference; explicitFileType = wrapper.cfbundle; includeInIndex = 0; path = MyTVTests.xctest; sourceTree = BUILT_PRODUCTS_DIR; };
		D5A2C9911E2ADE2B0071396A /* MyTVTests.swift */ = {isa = PBXFileReference; lastKnownFileType = sourcecode.swift; path = MyTVTests.swift; sourceTree = "<group>"; };
		D5A2C9931E2ADE2B0071396A /* Info.plist */ = {isa = PBXFileReference; lastKnownFileType = text.plist.xml; path = Info.plist; sourceTree = "<group>"; };
		D5A2C9981E2ADE2B0071396A /* MyTVUITests.xctest */ = {isa = PBXFileReference; explicitFileType = wrapper.cfbundle; includeInIndex = 0; path = MyTVUITests.xctest; sourceTree = BUILT_PRODUCTS_DIR; };
		D5A2C99C1E2ADE2B0071396A /* MyTVUITests.swift */ = {isa = PBXFileReference; lastKnownFileType = sourcecode.swift; path = MyTVUITests.swift; sourceTree = "<group>"; };
		D5A2C99E1E2ADE2B0071396A /* Info.plist */ = {isa = PBXFileReference; lastKnownFileType = text.plist.xml; path = Info.plist; sourceTree = "<group>"; };
		D5C77C911E5E020900A9079D /* PlayerViewController.swift */ = {isa = PBXFileReference; fileEncoding = 4; lastKnownFileType = sourcecode.swift; path = PlayerViewController.swift; sourceTree = "<group>"; };
		D5C77C931E5E021900A9079D /* PlayerViewControllerTests.swift */ = {isa = PBXFileReference; fileEncoding = 4; lastKnownFileType = sourcecode.swift; path = PlayerViewControllerTests.swift; sourceTree = "<group>"; };
		D5C99D9B1E626F3200D22953 /* AtresmediaHandler.swift */ = {isa = PBXFileReference; fileEncoding = 4; lastKnownFileType = sourcecode.swift; name = AtresmediaHandler.swift; path = A3M/AtresmediaHandler.swift; sourceTree = "<group>"; };
		E32762088CF563BE39A08F05 /* Pods-MyTV.release.xcconfig */ = {isa = PBXFileReference; includeInIndex = 1; lastKnownFileType = text.xcconfig; name = "Pods-MyTV.release.xcconfig"; path = "Pods/Target Support Files/Pods-MyTV/Pods-MyTV.release.xcconfig"; sourceTree = "<group>"; };
		E365DE2CF23DDE421AF949EB /* Pods-MyTVTests.release.xcconfig */ = {isa = PBXFileReference; includeInIndex = 1; lastKnownFileType = text.xcconfig; name = "Pods-MyTVTests.release.xcconfig"; path = "Pods/Target Support Files/Pods-MyTVTests/Pods-MyTVTests.release.xcconfig"; sourceTree = "<group>"; };
		ED453C5DEECA850F9E0A1BBF /* Pods-MyTVTests.debug.xcconfig */ = {isa = PBXFileReference; includeInIndex = 1; lastKnownFileType = text.xcconfig; name = "Pods-MyTVTests.debug.xcconfig"; path = "Pods/Target Support Files/Pods-MyTVTests/Pods-MyTVTests.debug.xcconfig"; sourceTree = "<group>"; };
/* End PBXFileReference section */

/* Begin PBXFrameworksBuildPhase section */
		D5A2C9791E2ADE2B0071396A /* Frameworks */ = {
			isa = PBXFrameworksBuildPhase;
			buildActionMask = 2147483647;
			files = (
				D6AEB4D6BEAB2D7C6B4A362A /* Pods_MyTV.framework in Frameworks */,
			);
			runOnlyForDeploymentPostprocessing = 0;
		};
		D5A2C98A1E2ADE2B0071396A /* Frameworks */ = {
			isa = PBXFrameworksBuildPhase;
			buildActionMask = 2147483647;
			files = (
				AF755B4ABF15E46224981769 /* Pods_MyTVTests.framework in Frameworks */,
			);
			runOnlyForDeploymentPostprocessing = 0;
		};
		D5A2C9951E2ADE2B0071396A /* Frameworks */ = {
			isa = PBXFrameworksBuildPhase;
			buildActionMask = 2147483647;
			files = (
			);
			runOnlyForDeploymentPostprocessing = 0;
		};
/* End PBXFrameworksBuildPhase section */

/* Begin PBXGroup section */
		63F91FFECA745EA8F9739D0A /* Frameworks */ = {
			isa = PBXGroup;
			children = (
				D55DE6B3E6B4FB0837446E68 /* Pods_MyTV.framework */,
				BF213BA567AE1126F48D5502 /* Pods_MyTVTests.framework */,
			);
			name = Frameworks;
			sourceTree = "<group>";
		};
		7C6FB5BB3E5657CBAA5F3C17 /* Pods */ = {
			isa = PBXGroup;
			children = (
				602C963CB4C43387FF2FE1BC /* Pods-MyTV.debug.xcconfig */,
				E32762088CF563BE39A08F05 /* Pods-MyTV.release.xcconfig */,
				ED453C5DEECA850F9E0A1BBF /* Pods-MyTVTests.debug.xcconfig */,
				E365DE2CF23DDE421AF949EB /* Pods-MyTVTests.release.xcconfig */,
			);
			name = Pods;
			sourceTree = "<group>";
		};
		D5658F371E5E6EC1009C18CB /* UI */ = {
			isa = PBXGroup;
			children = (
				D5658F381E5E7396009C18CB /* TileCollectionViewCell.swift */,
				D5658F3A1E5E73BE009C18CB /* TileCollectionViewCell.xib */,
				D5658F4F1E5E9CB6009C18CB /* TileRowCollection.swift */,
				D5658F511E5E9CC3009C18CB /* TileRowCollection.xib */,
			);
			name = UI;
			sourceTree = "<group>";
		};
		D5658F401E5E7C63009C18CB /* Protocols */ = {
			isa = PBXGroup;
			children = (
				D57439C21E60C34D00E62F0C /* Section.swift */,
				D5658F411E5E7C85009C18CB /* Tile.swift */,
			);
			path = Protocols;
			sourceTree = "<group>";
		};
		D5658F4A1E5E7D70009C18CB /* Providers */ = {
			isa = PBXGroup;
			children = (
				D57439C61E61173B00E62F0C /* A3M */,
				D55CEED71E6092890067C506 /* Live.swift */,
				D55CEED91E6092AE0067C506 /* Live+Channels.swift */,
			);
			path = Providers;
			sourceTree = "<group>";
		};
		D57439C61E61173B00E62F0C /* A3M */ = {
			isa = PBXGroup;
			children = (
				D57439C71E611CC100E62F0C /* AtresmediaRequests.swift */,
				D55B8D2F1E612BC80027D505 /* AtresmediaAPI.swift */,
				D5C99D9B1E626F3200D22953 /* AtresmediaHandler.swift */,
			);
			name = A3M;
			sourceTree = "<group>";
		};
		D5A2C9731E2ADE2B0071396A = {
			isa = PBXGroup;
			children = (
				D5A2C97E1E2ADE2B0071396A /* MyTV */,
				D5A2C9901E2ADE2B0071396A /* MyTVTests */,
				D5A2C99B1E2ADE2B0071396A /* MyTVUITests */,
				D5A2C97D1E2ADE2B0071396A /* Products */,
				7C6FB5BB3E5657CBAA5F3C17 /* Pods */,
				63F91FFECA745EA8F9739D0A /* Frameworks */,
			);
			sourceTree = "<group>";
		};
		D5A2C97D1E2ADE2B0071396A /* Products */ = {
			isa = PBXGroup;
			children = (
				D5A2C97C1E2ADE2B0071396A /* MyTV.app */,
				D5A2C98D1E2ADE2B0071396A /* MyTVTests.xctest */,
				D5A2C9981E2ADE2B0071396A /* MyTVUITests.xctest */,
			);
			name = Products;
			sourceTree = "<group>";
		};
		D5A2C97E1E2ADE2B0071396A /* MyTV */ = {
			isa = PBXGroup;
			children = (
				D5C99D9A1E6216BE00D22953 /* ViewControllers */,
				D5658F4A1E5E7D70009C18CB /* Providers */,
				D5658F401E5E7C63009C18CB /* Protocols */,
				D5658F371E5E6EC1009C18CB /* UI */,
				D5A2C97F1E2ADE2B0071396A /* AppDelegate.swift */,
				D5A2C9831E2ADE2B0071396A /* Main.storyboard */,
				D5A2C9861E2ADE2B0071396A /* Assets.xcassets */,
				D5A2C9881E2ADE2B0071396A /* Info.plist */,
				D55CEED51E5FBA190067C506 /* Constants.swift */,
			);
			path = MyTV;
			sourceTree = "<group>";
		};
		D5A2C9901E2ADE2B0071396A /* MyTVTests */ = {
			isa = PBXGroup;
			children = (
				D5A2C9911E2ADE2B0071396A /* MyTVTests.swift */,
				D5A2C9931E2ADE2B0071396A /* Info.plist */,
				D5C77C931E5E021900A9079D /* PlayerViewControllerTests.swift */,
			);
			path = MyTVTests;
			sourceTree = "<group>";
		};
		D5A2C99B1E2ADE2B0071396A /* MyTVUITests */ = {
			isa = PBXGroup;
			children = (
				D5A2C99C1E2ADE2B0071396A /* MyTVUITests.swift */,
				D5A2C99E1E2ADE2B0071396A /* Info.plist */,
			);
			path = MyTVUITests;
			sourceTree = "<group>";
		};
		D5C99D9A1E6216BE00D22953 /* ViewControllers */ = {
			isa = PBXGroup;
			children = (
				D5A2C9811E2ADE2B0071396A /* MainViewController.swift */,
				D5C77C911E5E020900A9079D /* PlayerViewController.swift */,
			);
			path = ViewControllers;
			sourceTree = "<group>";
		};
/* End PBXGroup section */

/* Begin PBXNativeTarget section */
		D5A2C97B1E2ADE2B0071396A /* MyTV */ = {
			isa = PBXNativeTarget;
			buildConfigurationList = D5A2C9A11E2ADE2B0071396A /* Build configuration list for PBXNativeTarget "MyTV" */;
			buildPhases = (
				9688741376783033CCDEA14B /* [CP] Check Pods Manifest.lock */,
				D5A2C9781E2ADE2B0071396A /* Sources */,
				D5A2C9791E2ADE2B0071396A /* Frameworks */,
				D5A2C97A1E2ADE2B0071396A /* Resources */,
				E7E8E7282F5FEF43EFFDFA30 /* [CP] Embed Pods Frameworks */,
				45E568BA55FC76CD6DB4D279 /* [CP] Copy Pods Resources */,
			);
			buildRules = (
			);
			dependencies = (
			);
			name = MyTV;
			productName = MyTV;
			productReference = D5A2C97C1E2ADE2B0071396A /* MyTV.app */;
			productType = "com.apple.product-type.application";
		};
		D5A2C98C1E2ADE2B0071396A /* MyTVTests */ = {
			isa = PBXNativeTarget;
			buildConfigurationList = D5A2C9A41E2ADE2B0071396A /* Build configuration list for PBXNativeTarget "MyTVTests" */;
			buildPhases = (
				F63EB3DE7EB9C1BBB361AEC0 /* [CP] Check Pods Manifest.lock */,
				D5A2C9891E2ADE2B0071396A /* Sources */,
				D5A2C98A1E2ADE2B0071396A /* Frameworks */,
				D5A2C98B1E2ADE2B0071396A /* Resources */,
				E741D0E8E2AC0CC4D8DD2049 /* [CP] Embed Pods Frameworks */,
				A9F0AB8830DC267970ED83DD /* [CP] Copy Pods Resources */,
			);
			buildRules = (
			);
			dependencies = (
				D5A2C98F1E2ADE2B0071396A /* PBXTargetDependency */,
			);
			name = MyTVTests;
			productName = MyTVTests;
			productReference = D5A2C98D1E2ADE2B0071396A /* MyTVTests.xctest */;
			productType = "com.apple.product-type.bundle.unit-test";
		};
		D5A2C9971E2ADE2B0071396A /* MyTVUITests */ = {
			isa = PBXNativeTarget;
			buildConfigurationList = D5A2C9A71E2ADE2B0071396A /* Build configuration list for PBXNativeTarget "MyTVUITests" */;
			buildPhases = (
				D5A2C9941E2ADE2B0071396A /* Sources */,
				D5A2C9951E2ADE2B0071396A /* Frameworks */,
				D5A2C9961E2ADE2B0071396A /* Resources */,
			);
			buildRules = (
			);
			dependencies = (
				D5A2C99A1E2ADE2B0071396A /* PBXTargetDependency */,
			);
			name = MyTVUITests;
			productName = MyTVUITests;
			productReference = D5A2C9981E2ADE2B0071396A /* MyTVUITests.xctest */;
			productType = "com.apple.product-type.bundle.ui-testing";
		};
/* End PBXNativeTarget section */

/* Begin PBXProject section */
		D5A2C9741E2ADE2B0071396A /* Project object */ = {
			isa = PBXProject;
			attributes = {
				LastSwiftUpdateCheck = 0820;
				LastUpgradeCheck = 0820;
				ORGANIZATIONNAME = PB;
				TargetAttributes = {
					D5A2C97B1E2ADE2B0071396A = {
						CreatedOnToolsVersion = 8.2.1;
						DevelopmentTeam = 5823F338FE;
						ProvisioningStyle = Automatic;
					};
					D5A2C98C1E2ADE2B0071396A = {
						CreatedOnToolsVersion = 8.2.1;
						DevelopmentTeam = 5823F338FE;
						ProvisioningStyle = Automatic;
						TestTargetID = D5A2C97B1E2ADE2B0071396A;
					};
					D5A2C9971E2ADE2B0071396A = {
						CreatedOnToolsVersion = 8.2.1;
						DevelopmentTeam = 5823F338FE;
						ProvisioningStyle = Automatic;
						TestTargetID = D5A2C97B1E2ADE2B0071396A;
					};
				};
			};
			buildConfigurationList = D5A2C9771E2ADE2B0071396A /* Build configuration list for PBXProject "MyTV" */;
			compatibilityVersion = "Xcode 3.2";
			developmentRegion = English;
			hasScannedForEncodings = 0;
			knownRegions = (
				en,
				Base,
			);
			mainGroup = D5A2C9731E2ADE2B0071396A;
			productRefGroup = D5A2C97D1E2ADE2B0071396A /* Products */;
			projectDirPath = "";
			projectRoot = "";
			targets = (
				D5A2C97B1E2ADE2B0071396A /* MyTV */,
				D5A2C98C1E2ADE2B0071396A /* MyTVTests */,
				D5A2C9971E2ADE2B0071396A /* MyTVUITests */,
			);
		};
/* End PBXProject section */

/* Begin PBXResourcesBuildPhase section */
		D5A2C97A1E2ADE2B0071396A /* Resources */ = {
			isa = PBXResourcesBuildPhase;
			buildActionMask = 2147483647;
			files = (
				D5658F3B1E5E73BE009C18CB /* TileCollectionViewCell.xib in Resources */,
				D5A2C9871E2ADE2B0071396A /* Assets.xcassets in Resources */,
				D5658F521E5E9CC3009C18CB /* TileRowCollection.xib in Resources */,
				D5A2C9851E2ADE2B0071396A /* Main.storyboard in Resources */,
			);
			runOnlyForDeploymentPostprocessing = 0;
		};
		D5A2C98B1E2ADE2B0071396A /* Resources */ = {
			isa = PBXResourcesBuildPhase;
			buildActionMask = 2147483647;
			files = (
			);
			runOnlyForDeploymentPostprocessing = 0;
		};
		D5A2C9961E2ADE2B0071396A /* Resources */ = {
			isa = PBXResourcesBuildPhase;
			buildActionMask = 2147483647;
			files = (
			);
			runOnlyForDeploymentPostprocessing = 0;
		};
/* End PBXResourcesBuildPhase section */

/* Begin PBXShellScriptBuildPhase section */
		45E568BA55FC76CD6DB4D279 /* [CP] Copy Pods Resources */ = {
			isa = PBXShellScriptBuildPhase;
			buildActionMask = 2147483647;
			files = (
			);
			inputPaths = (
			);
			name = "[CP] Copy Pods Resources";
			outputPaths = (
			);
			runOnlyForDeploymentPostprocessing = 0;
			shellPath = /bin/sh;
			shellScript = "\"${SRCROOT}/Pods/Target Support Files/Pods-MyTV/Pods-MyTV-resources.sh\"\n";
			showEnvVarsInLog = 0;
		};
		9688741376783033CCDEA14B /* [CP] Check Pods Manifest.lock */ = {
			isa = PBXShellScriptBuildPhase;
			buildActionMask = 2147483647;
			files = (
			);
			inputPaths = (
			);
			name = "[CP] Check Pods Manifest.lock";
			outputPaths = (
			);
			runOnlyForDeploymentPostprocessing = 0;
			shellPath = /bin/sh;
			shellScript = "diff \"${PODS_ROOT}/../Podfile.lock\" \"${PODS_ROOT}/Manifest.lock\" > /dev/null\nif [ $? != 0 ] ; then\n    # print error to STDERR\n    echo \"error: The sandbox is not in sync with the Podfile.lock. Run 'pod install' or update your CocoaPods installation.\" >&2\n    exit 1\nfi\n";
			showEnvVarsInLog = 0;
		};
		A9F0AB8830DC267970ED83DD /* [CP] Copy Pods Resources */ = {
			isa = PBXShellScriptBuildPhase;
			buildActionMask = 2147483647;
			files = (
			);
			inputPaths = (
			);
			name = "[CP] Copy Pods Resources";
			outputPaths = (
			);
			runOnlyForDeploymentPostprocessing = 0;
			shellPath = /bin/sh;
			shellScript = "\"${SRCROOT}/Pods/Target Support Files/Pods-MyTVTests/Pods-MyTVTests-resources.sh\"\n";
			showEnvVarsInLog = 0;
		};
		E741D0E8E2AC0CC4D8DD2049 /* [CP] Embed Pods Frameworks */ = {
			isa = PBXShellScriptBuildPhase;
			buildActionMask = 2147483647;
			files = (
			);
			inputPaths = (
			);
			name = "[CP] Embed Pods Frameworks";
			outputPaths = (
			);
			runOnlyForDeploymentPostprocessing = 0;
			shellPath = /bin/sh;
			shellScript = "\"${SRCROOT}/Pods/Target Support Files/Pods-MyTVTests/Pods-MyTVTests-frameworks.sh\"\n";
			showEnvVarsInLog = 0;
		};
		E7E8E7282F5FEF43EFFDFA30 /* [CP] Embed Pods Frameworks */ = {
			isa = PBXShellScriptBuildPhase;
			buildActionMask = 2147483647;
			files = (
			);
			inputPaths = (
			);
			name = "[CP] Embed Pods Frameworks";
			outputPaths = (
			);
			runOnlyForDeploymentPostprocessing = 0;
			shellPath = /bin/sh;
			shellScript = "\"${SRCROOT}/Pods/Target Support Files/Pods-MyTV/Pods-MyTV-frameworks.sh\"\n";
			showEnvVarsInLog = 0;
		};
		F63EB3DE7EB9C1BBB361AEC0 /* [CP] Check Pods Manifest.lock */ = {
			isa = PBXShellScriptBuildPhase;
			buildActionMask = 2147483647;
			files = (
			);
			inputPaths = (
			);
			name = "[CP] Check Pods Manifest.lock";
			outputPaths = (
			);
			runOnlyForDeploymentPostprocessing = 0;
			shellPath = /bin/sh;
			shellScript = "diff \"${PODS_ROOT}/../Podfile.lock\" \"${PODS_ROOT}/Manifest.lock\" > /dev/null\nif [ $? != 0 ] ; then\n    # print error to STDERR\n    echo \"error: The sandbox is not in sync with the Podfile.lock. Run 'pod install' or update your CocoaPods installation.\" >&2\n    exit 1\nfi\n";
			showEnvVarsInLog = 0;
		};
/* End PBXShellScriptBuildPhase section */

/* Begin PBXSourcesBuildPhase section */
		D5A2C9781E2ADE2B0071396A /* Sources */ = {
			isa = PBXSourcesBuildPhase;
			buildActionMask = 2147483647;
			files = (
				D57439C81E611CC100E62F0C /* AtresmediaRequests.swift in Sources */,
				D5658F391E5E7396009C18CB /* TileCollectionViewCell.swift in Sources */,
				D55CEEDA1E6092AE0067C506 /* Live+Channels.swift in Sources */,
				D5A2C9821E2ADE2B0071396A /* MainViewController.swift in Sources */,
				D5A2C9801E2ADE2B0071396A /* AppDelegate.swift in Sources */,
				D55B8D301E612BC80027D505 /* AtresmediaAPI.swift in Sources */,
				D5658F421E5E7C85009C18CB /* Tile.swift in Sources */,
				D55CEED81E6092890067C506 /* Live.swift in Sources */,
				D5658F501E5E9CB6009C18CB /* TileRowCollection.swift in Sources */,
				D57439C31E60C34D00E62F0C /* Section.swift in Sources */,
				D5C77C921E5E020900A9079D /* PlayerViewController.swift in Sources */,
				D5C99D9C1E626F3200D22953 /* AtresmediaHandler.swift in Sources */,
				D55CEED61E5FBA190067C506 /* Constants.swift in Sources */,
			);
			runOnlyForDeploymentPostprocessing = 0;
		};
		D5A2C9891E2ADE2B0071396A /* Sources */ = {
			isa = PBXSourcesBuildPhase;
			buildActionMask = 2147483647;
			files = (
				D5A2C9921E2ADE2B0071396A /* MyTVTests.swift in Sources */,
				D5C77C941E5E021900A9079D /* PlayerViewControllerTests.swift in Sources */,
			);
			runOnlyForDeploymentPostprocessing = 0;
		};
		D5A2C9941E2ADE2B0071396A /* Sources */ = {
			isa = PBXSourcesBuildPhase;
			buildActionMask = 2147483647;
			files = (
				D5A2C99D1E2ADE2B0071396A /* MyTVUITests.swift in Sources */,
			);
			runOnlyForDeploymentPostprocessing = 0;
		};
/* End PBXSourcesBuildPhase section */

/* Begin PBXTargetDependency section */
		D5A2C98F1E2ADE2B0071396A /* PBXTargetDependency */ = {
			isa = PBXTargetDependency;
			target = D5A2C97B1E2ADE2B0071396A /* MyTV */;
			targetProxy = D5A2C98E1E2ADE2B0071396A /* PBXContainerItemProxy */;
		};
		D5A2C99A1E2ADE2B0071396A /* PBXTargetDependency */ = {
			isa = PBXTargetDependency;
			target = D5A2C97B1E2ADE2B0071396A /* MyTV */;
			targetProxy = D5A2C9991E2ADE2B0071396A /* PBXContainerItemProxy */;
		};
/* End PBXTargetDependency section */

/* Begin PBXVariantGroup section */
		D5A2C9831E2ADE2B0071396A /* Main.storyboard */ = {
			isa = PBXVariantGroup;
			children = (
				D5A2C9841E2ADE2B0071396A /* Base */,
			);
			name = Main.storyboard;
			sourceTree = "<group>";
		};
/* End PBXVariantGroup section */

/* Begin XCBuildConfiguration section */
		D5A2C99F1E2ADE2B0071396A /* Debug */ = {
			isa = XCBuildConfiguration;
			buildSettings = {
				ALWAYS_SEARCH_USER_PATHS = NO;
				CLANG_ANALYZER_NONNULL = YES;
				CLANG_CXX_LANGUAGE_STANDARD = "gnu++0x";
				CLANG_CXX_LIBRARY = "libc++";
				CLANG_ENABLE_MODULES = YES;
				CLANG_ENABLE_OBJC_ARC = YES;
				CLANG_WARN_BOOL_CONVERSION = YES;
				CLANG_WARN_CONSTANT_CONVERSION = YES;
				CLANG_WARN_DIRECT_OBJC_ISA_USAGE = YES_ERROR;
				CLANG_WARN_DOCUMENTATION_COMMENTS = YES;
				CLANG_WARN_EMPTY_BODY = YES;
				CLANG_WARN_ENUM_CONVERSION = YES;
				CLANG_WARN_INFINITE_RECURSION = YES;
				CLANG_WARN_INT_CONVERSION = YES;
				CLANG_WARN_OBJC_ROOT_CLASS = YES_ERROR;
				CLANG_WARN_SUSPICIOUS_MOVE = YES;
				CLANG_WARN_UNREACHABLE_CODE = YES;
				CLANG_WARN__DUPLICATE_METHOD_MATCH = YES;
				COPY_PHASE_STRIP = NO;
				DEBUG_INFORMATION_FORMAT = dwarf;
				ENABLE_STRICT_OBJC_MSGSEND = YES;
				ENABLE_TESTABILITY = YES;
				GCC_C_LANGUAGE_STANDARD = gnu99;
				GCC_DYNAMIC_NO_PIC = NO;
				GCC_NO_COMMON_BLOCKS = YES;
				GCC_OPTIMIZATION_LEVEL = 0;
				GCC_PREPROCESSOR_DEFINITIONS = (
					"DEBUG=1",
					"$(inherited)",
				);
				GCC_WARN_64_TO_32_BIT_CONVERSION = YES;
				GCC_WARN_ABOUT_RETURN_TYPE = YES_ERROR;
				GCC_WARN_UNDECLARED_SELECTOR = YES;
				GCC_WARN_UNINITIALIZED_AUTOS = YES_AGGRESSIVE;
				GCC_WARN_UNUSED_FUNCTION = YES;
				GCC_WARN_UNUSED_VARIABLE = YES;
				MTL_ENABLE_DEBUG_INFO = YES;
				ONLY_ACTIVE_ARCH = YES;
				SDKROOT = appletvos;
				SWIFT_ACTIVE_COMPILATION_CONDITIONS = DEBUG;
				SWIFT_OPTIMIZATION_LEVEL = "-Onone";
				TARGETED_DEVICE_FAMILY = 3;
				TVOS_DEPLOYMENT_TARGET = 10.1;
			};
			name = Debug;
		};
		D5A2C9A01E2ADE2B0071396A /* Release */ = {
			isa = XCBuildConfiguration;
			buildSettings = {
				ALWAYS_SEARCH_USER_PATHS = NO;
				CLANG_ANALYZER_NONNULL = YES;
				CLANG_CXX_LANGUAGE_STANDARD = "gnu++0x";
				CLANG_CXX_LIBRARY = "libc++";
				CLANG_ENABLE_MODULES = YES;
				CLANG_ENABLE_OBJC_ARC = YES;
				CLANG_WARN_BOOL_CONVERSION = YES;
				CLANG_WARN_CONSTANT_CONVERSION = YES;
				CLANG_WARN_DIRECT_OBJC_ISA_USAGE = YES_ERROR;
				CLANG_WARN_DOCUMENTATION_COMMENTS = YES;
				CLANG_WARN_EMPTY_BODY = YES;
				CLANG_WARN_ENUM_CONVERSION = YES;
				CLANG_WARN_INFINITE_RECURSION = YES;
				CLANG_WARN_INT_CONVERSION = YES;
				CLANG_WARN_OBJC_ROOT_CLASS = YES_ERROR;
				CLANG_WARN_SUSPICIOUS_MOVE = YES;
				CLANG_WARN_UNREACHABLE_CODE = YES;
				CLANG_WARN__DUPLICATE_METHOD_MATCH = YES;
				COPY_PHASE_STRIP = NO;
				DEBUG_INFORMATION_FORMAT = "dwarf-with-dsym";
				ENABLE_NS_ASSERTIONS = NO;
				ENABLE_STRICT_OBJC_MSGSEND = YES;
				GCC_C_LANGUAGE_STANDARD = gnu99;
				GCC_NO_COMMON_BLOCKS = YES;
				GCC_WARN_64_TO_32_BIT_CONVERSION = YES;
				GCC_WARN_ABOUT_RETURN_TYPE = YES_ERROR;
				GCC_WARN_UNDECLARED_SELECTOR = YES;
				GCC_WARN_UNINITIALIZED_AUTOS = YES_AGGRESSIVE;
				GCC_WARN_UNUSED_FUNCTION = YES;
				GCC_WARN_UNUSED_VARIABLE = YES;
				MTL_ENABLE_DEBUG_INFO = NO;
				SDKROOT = appletvos;
				SWIFT_OPTIMIZATION_LEVEL = "-Owholemodule";
				TARGETED_DEVICE_FAMILY = 3;
				TVOS_DEPLOYMENT_TARGET = 10.1;
				VALIDATE_PRODUCT = YES;
			};
			name = Release;
		};
		D5A2C9A21E2ADE2B0071396A /* Debug */ = {
			isa = XCBuildConfiguration;
			baseConfigurationReference = 602C963CB4C43387FF2FE1BC /* Pods-MyTV.debug.xcconfig */;
			buildSettings = {
				ASSETCATALOG_COMPILER_APPICON_NAME = "App Icon & Top Shelf Image";
				ASSETCATALOG_COMPILER_LAUNCHIMAGE_NAME = LaunchImage;
				DEVELOPMENT_TEAM = 5823F338FE;
				INFOPLIST_FILE = MyTV/Info.plist;
				LD_RUNPATH_SEARCH_PATHS = "$(inherited) @executable_path/Frameworks";
				PRODUCT_BUNDLE_IDENTIFIER = com.pb.tvos.MyTV;
				PRODUCT_NAME = "$(TARGET_NAME)";
				SWIFT_VERSION = 3.0;
			};
			name = Debug;
		};
		D5A2C9A31E2ADE2B0071396A /* Release */ = {
			isa = XCBuildConfiguration;
			baseConfigurationReference = E32762088CF563BE39A08F05 /* Pods-MyTV.release.xcconfig */;
			buildSettings = {
				ASSETCATALOG_COMPILER_APPICON_NAME = "App Icon & Top Shelf Image";
				ASSETCATALOG_COMPILER_LAUNCHIMAGE_NAME = LaunchImage;
				DEVELOPMENT_TEAM = 5823F338FE;
				INFOPLIST_FILE = MyTV/Info.plist;
				LD_RUNPATH_SEARCH_PATHS = "$(inherited) @executable_path/Frameworks";
				PRODUCT_BUNDLE_IDENTIFIER = com.pb.tvos.MyTV;
				PRODUCT_NAME = "$(TARGET_NAME)";
				SWIFT_VERSION = 3.0;
			};
			name = Release;
		};
		D5A2C9A51E2ADE2B0071396A /* Debug */ = {
			isa = XCBuildConfiguration;
			baseConfigurationReference = ED453C5DEECA850F9E0A1BBF /* Pods-MyTVTests.debug.xcconfig */;
			buildSettings = {
				BUNDLE_LOADER = "$(TEST_HOST)";
				DEVELOPMENT_TEAM = 5823F338FE;
				INFOPLIST_FILE = MyTVTests/Info.plist;
				LD_RUNPATH_SEARCH_PATHS = "$(inherited) @executable_path/Frameworks @loader_path/Frameworks";
				PRODUCT_BUNDLE_IDENTIFIER = com.pb.tvos.MyTVTests;
				PRODUCT_NAME = "$(TARGET_NAME)";
				SWIFT_VERSION = 3.0;
				TEST_HOST = "$(BUILT_PRODUCTS_DIR)/MyTV.app/MyTV";
			};
			name = Debug;
		};
		D5A2C9A61E2ADE2B0071396A /* Release */ = {
			isa = XCBuildConfiguration;
			baseConfigurationReference = E365DE2CF23DDE421AF949EB /* Pods-MyTVTests.release.xcconfig */;
			buildSettings = {
				BUNDLE_LOADER = "$(TEST_HOST)";
				DEVELOPMENT_TEAM = 5823F338FE;
				INFOPLIST_FILE = MyTVTests/Info.plist;
				LD_RUNPATH_SEARCH_PATHS = "$(inherited) @executable_path/Frameworks @loader_path/Frameworks";
				PRODUCT_BUNDLE_IDENTIFIER = com.pb.tvos.MyTVTests;
				PRODUCT_NAME = "$(TARGET_NAME)";
				SWIFT_VERSION = 3.0;
				TEST_HOST = "$(BUILT_PRODUCTS_DIR)/MyTV.app/MyTV";
			};
			name = Release;
		};
		D5A2C9A81E2ADE2B0071396A /* Debug */ = {
			isa = XCBuildConfiguration;
			buildSettings = {
				DEVELOPMENT_TEAM = 5823F338FE;
				INFOPLIST_FILE = MyTVUITests/Info.plist;
				LD_RUNPATH_SEARCH_PATHS = "$(inherited) @executable_path/Frameworks @loader_path/Frameworks";
				PRODUCT_BUNDLE_IDENTIFIER = com.pb.tvos.MyTVUITests;
				PRODUCT_NAME = "$(TARGET_NAME)";
				SWIFT_VERSION = 3.0;
				TEST_TARGET_NAME = MyTV;
			};
			name = Debug;
		};
		D5A2C9A91E2ADE2B0071396A /* Release */ = {
			isa = XCBuildConfiguration;
			buildSettings = {
				DEVELOPMENT_TEAM = 5823F338FE;
				INFOPLIST_FILE = MyTVUITests/Info.plist;
				LD_RUNPATH_SEARCH_PATHS = "$(inherited) @executable_path/Frameworks @loader_path/Frameworks";
				PRODUCT_BUNDLE_IDENTIFIER = com.pb.tvos.MyTVUITests;
				PRODUCT_NAME = "$(TARGET_NAME)";
				SWIFT_VERSION = 3.0;
				TEST_TARGET_NAME = MyTV;
			};
			name = Release;
		};
/* End XCBuildConfiguration section */

/* Begin XCConfigurationList section */
		D5A2C9771E2ADE2B0071396A /* Build configuration list for PBXProject "MyTV" */ = {
			isa = XCConfigurationList;
			buildConfigurations = (
				D5A2C99F1E2ADE2B0071396A /* Debug */,
				D5A2C9A01E2ADE2B0071396A /* Release */,
			);
			defaultConfigurationIsVisible = 0;
			defaultConfigurationName = Release;
		};
		D5A2C9A11E2ADE2B0071396A /* Build configuration list for PBXNativeTarget "MyTV" */ = {
			isa = XCConfigurationList;
			buildConfigurations = (
				D5A2C9A21E2ADE2B0071396A /* Debug */,
				D5A2C9A31E2ADE2B0071396A /* Release */,
			);
			defaultConfigurationIsVisible = 0;
			defaultConfigurationName = Release;
		};
		D5A2C9A41E2ADE2B0071396A /* Build configuration list for PBXNativeTarget "MyTVTests" */ = {
			isa = XCConfigurationList;
			buildConfigurations = (
				D5A2C9A51E2ADE2B0071396A /* Debug */,
				D5A2C9A61E2ADE2B0071396A /* Release */,
			);
			defaultConfigurationIsVisible = 0;
			defaultConfigurationName = Release;
		};
		D5A2C9A71E2ADE2B0071396A /* Build configuration list for PBXNativeTarget "MyTVUITests" */ = {
			isa = XCConfigurationList;
			buildConfigurations = (
				D5A2C9A81E2ADE2B0071396A /* Debug */,
				D5A2C9A91E2ADE2B0071396A /* Release */,
			);
			defaultConfigurationIsVisible = 0;
			defaultConfigurationName = Release;
		};
/* End XCConfigurationList section */
	};
	rootObject = D5A2C9741E2ADE2B0071396A /* Project object */;
}
